
Microsoft Visual Studio Solution File, Format Version 12.00
# Visual Studio Version 16
VisualStudioVersion = 16.0.30804.86
MinimumVisualStudioVersion = 10.0.40219.1
Project("{9A19103F-16F7-4668-BE54-9A1E7A4F7556}") = "TileAuto", "TileAuto.csproj", "{62569336-BBCC-47C2-8E80-A5EDACCD9CBC}"
EndProject
Project("{FAE04EC0-301F-11D3-BF4B-00C04F79EFBC}") = "TestTileCollection", "..\TestTileCollection\TestTileCollection.csproj", "{D823145D-A13A-4B5C-87DD-4B1A4431C515}"
EndProject
Global
	GlobalSection(SolutionConfigurationPlatforms) = preSolution
		Debug|Any CPU = Debug|Any CPU
		Release|Any CPU = Release|Any CPU
	EndGlobalSection
	GlobalSection(ProjectConfigurationPlatforms) = postSolution
		{62569336-BBCC-47C2-8E80-A5EDACCD9CBC}.Debug|Any CPU.ActiveCfg = Debug|Any CPU
		{62569336-BBCC-47C2-8E80-A5EDACCD9CBC}.Debug|Any CPU.Build.0 = Debug|Any CPU
		{62569336-BBCC-47C2-8E80-A5EDACCD9CBC}.Release|Any CPU.ActiveCfg = Release|Any CPU
		{62569336-BBCC-47C2-8E80-A5EDACCD9CBC}.Release|Any CPU.Build.0 = Release|Any CPU
		{D823145D-A13A-4B5C-87DD-4B1A4431C515}.Debug|Any CPU.ActiveCfg = Debug|Any CPU
		{D823145D-A13A-4B5C-87DD-4B1A4431C515}.Debug|Any CPU.Build.0 = Debug|Any CPU
		{D823145D-A13A-4B5C-87DD-4B1A4431C515}.Release|Any CPU.ActiveCfg = Release|Any CPU
		{D823145D-A13A-4B5C-87DD-4B1A4431C515}.Release|Any CPU.Build.0 = Release|Any CPU
	EndGlobalSection
	GlobalSection(SolutionProperties) = preSolution
		HideSolutionNode = FALSE
	EndGlobalSection
	GlobalSection(ExtensibilityGlobals) = postSolution
		SolutionGuid = {9B351A24-EA28-4103-AACC-B689E548A982}
	EndGlobalSection
EndGlobal
